
Microsoft Visual Studio Solution File, Format Version 12.00
# Visual Studio Version 16
VisualStudioVersion = 16.0.31005.135
MinimumVisualStudioVersion = 10.0.40219.1
Project("{FAE04EC0-301F-11D3-BF4B-00C04F79EFBC}") = "Rocky", "Rocky\Rocky.csproj", "{1382E5DC-C9D5-434C-AA73-3C0E1E4E574B}"
EndProject
Global
	GlobalSection(SolutionConfigurationPlatforms) = preSolution
		Debug|Any CPU = Debug|Any CPU
		Release|Any CPU = Release|Any CPU
	EndGlobalSection
	GlobalSection(ProjectConfigurationPlatforms) = postSolution
		{1382E5DC-C9D5-434C-AA73-3C0E1E4E574B}.Debug|Any CPU.ActiveCfg = Debug|Any CPU
		{1382E5DC-C9D5-434C-AA73-3C0E1E4E574B}.Debug|Any CPU.Build.0 = Debug|Any CPU
		{1382E5DC-C9D5-434C-AA73-3C0E1E4E574B}.Release|Any CPU.ActiveCfg = Release|Any CPU
		{1382E5DC-C9D5-434C-AA73-3C0E1E4E574B}.Release|Any CPU.Build.0 = Release|Any CPU
	EndGlobalSection
	GlobalSection(SolutionProperties) = preSolution
		HideSolutionNode = FALSE
	EndGlobalSection
	GlobalSection(ExtensibilityGlobals) = postSolution
		SolutionGuid = {B3B0AC68-0838-49ED-94A6-7272BE02E498}
	EndGlobalSection
EndGlobal
